
Microsoft Visual Studio Solution File, Format Version 12.00
# Visual Studio Version 16
VisualStudioVersion = 16.0.29926.136
MinimumVisualStudioVersion = 10.0.40219.1
Project("{FAE04EC0-301F-11D3-BF4B-00C04F79EFBC}") = "MoneyTransactions", "MoneyTransactions\MoneyTransactions.csproj", "{265C213F-D29E-466F-9102-2D22C62BBE73}"
EndProject
Global
	GlobalSection(SolutionConfigurationPlatforms) = preSolution
		Debug|Any CPU = Debug|Any CPU
		Release|Any CPU = Release|Any CPU
	EndGlobalSection
	GlobalSection(ProjectConfigurationPlatforms) = postSolution
		{265C213F-D29E-466F-9102-2D22C62BBE73}.Debug|Any CPU.ActiveCfg = Debug|Any CPU
		{265C213F-D29E-466F-9102-2D22C62BBE73}.Debug|Any CPU.Build.0 = Debug|Any CPU
		{265C213F-D29E-466F-9102-2D22C62BBE73}.Release|Any CPU.ActiveCfg = Release|Any CPU
		{265C213F-D29E-466F-9102-2D22C62BBE73}.Release|Any CPU.Build.0 = Release|Any CPU
	EndGlobalSection
	GlobalSection(SolutionProperties) = preSolution
		HideSolutionNode = FALSE
	EndGlobalSection
	GlobalSection(ExtensibilityGlobals) = postSolution
		SolutionGuid = {6EAED4DC-637D-4D4C-865E-CCFC50B8E54B}
	EndGlobalSection
EndGlobal
